// !$*UTF8*$!
{
	archiveVersion = 1;
	classes = {
	};
	objectVersion = 55;
	objects = {

/* Begin PBXBuildFile section */
		7CDF4FE528E4303900923715 /* AppDelegate.swift in Sources */ = {isa = PBXBuildFile; fileRef = 7CDF4FE428E4303900923715 /* AppDelegate.swift */; };
		7CDF4FE728E4303900923715 /* SceneDelegate.swift in Sources */ = {isa = PBXBuildFile; fileRef = 7CDF4FE628E4303900923715 /* SceneDelegate.swift */; };
		7CDF4FE928E4303900923715 /* HomeController.swift in Sources */ = {isa = PBXBuildFile; fileRef = 7CDF4FE828E4303900923715 /* HomeController.swift */; };
		7CDF4FEC28E4303900923715 /* Main.storyboard in Resources */ = {isa = PBXBuildFile; fileRef = 7CDF4FEA28E4303900923715 /* Main.storyboard */; };
		7CDF4FEE28E4303C00923715 /* Assets.xcassets in Resources */ = {isa = PBXBuildFile; fileRef = 7CDF4FED28E4303C00923715 /* Assets.xcassets */; };
		7CDF4FF128E4303C00923715 /* LaunchScreen.storyboard in Resources */ = {isa = PBXBuildFile; fileRef = 7CDF4FEF28E4303C00923715 /* LaunchScreen.storyboard */; };
		7CDF4FFD28E4375400923715 /* HomeDataAdapter.swift in Sources */ = {isa = PBXBuildFile; fileRef = 7CDF4FFC28E4375400923715 /* HomeDataAdapter.swift */; };
		7CDF500228E43FC300923715 /* Sungorus in Frameworks */ = {isa = PBXBuildFile; productRef = 7CDF500128E43FC300923715 /* Sungorus */; };
		7CDF500428E4402500923715 /* DetailController.swift in Sources */ = {isa = PBXBuildFile; fileRef = 7CDF500328E4402500923715 /* DetailController.swift */; };
		7CDF500628E440CF00923715 /* Controller.swift in Sources */ = {isa = PBXBuildFile; fileRef = 7CDF500528E440CF00923715 /* Controller.swift */; };
		7CDF500928E44C3300923715 /* Extensions.swift in Sources */ = {isa = PBXBuildFile; fileRef = 7CDF500828E44C3300923715 /* Extensions.swift */; };
/* End PBXBuildFile section */

/* Begin PBXFileReference section */
		7CDF4FE128E4303900923715 /* Sungorus-demo-ios.app */ = {isa = PBXFileReference; explicitFileType = wrapper.application; includeInIndex = 0; path = "Sungorus-demo-ios.app"; sourceTree = BUILT_PRODUCTS_DIR; };
		7CDF4FE428E4303900923715 /* AppDelegate.swift */ = {isa = PBXFileReference; lastKnownFileType = sourcecode.swift; path = AppDelegate.swift; sourceTree = "<group>"; };
		7CDF4FE628E4303900923715 /* SceneDelegate.swift */ = {isa = PBXFileReference; lastKnownFileType = sourcecode.swift; path = SceneDelegate.swift; sourceTree = "<group>"; };
		7CDF4FE828E4303900923715 /* HomeController.swift */ = {isa = PBXFileReference; lastKnownFileType = sourcecode.swift; path = HomeController.swift; sourceTree = "<group>"; };
		7CDF4FEB28E4303900923715 /* Base */ = {isa = PBXFileReference; lastKnownFileType = file.storyboard; name = Base; path = Base.lproj/Main.storyboard; sourceTree = "<group>"; };
		7CDF4FED28E4303C00923715 /* Assets.xcassets */ = {isa = PBXFileReference; lastKnownFileType = folder.assetcatalog; path = Assets.xcassets; sourceTree = "<group>"; };
		7CDF4FF028E4303C00923715 /* Base */ = {isa = PBXFileReference; lastKnownFileType = file.storyboard; name = Base; path = Base.lproj/LaunchScreen.storyboard; sourceTree = "<group>"; };
		7CDF4FF228E4303C00923715 /* Info.plist */ = {isa = PBXFileReference; lastKnownFileType = text.plist.xml; path = Info.plist; sourceTree = "<group>"; };
		7CDF4FFC28E4375400923715 /* HomeDataAdapter.swift */ = {isa = PBXFileReference; lastKnownFileType = sourcecode.swift; path = HomeDataAdapter.swift; sourceTree = "<group>"; };
		7CDF4FFF28E43FBB00923715 /* Sungorus */ = {isa = PBXFileReference; lastKnownFileType = wrapper; name = Sungorus; path = ..; sourceTree = "<group>"; };
		7CDF500328E4402500923715 /* DetailController.swift */ = {isa = PBXFileReference; lastKnownFileType = sourcecode.swift; path = DetailController.swift; sourceTree = "<group>"; };
		7CDF500528E440CF00923715 /* Controller.swift */ = {isa = PBXFileReference; lastKnownFileType = sourcecode.swift; path = Controller.swift; sourceTree = "<group>"; };
		7CDF500828E44C3300923715 /* Extensions.swift */ = {isa = PBXFileReference; lastKnownFileType = sourcecode.swift; path = Extensions.swift; sourceTree = "<group>"; };
/* End PBXFileReference section */

/* Begin PBXFrameworksBuildPhase section */
		7CDF4FDE28E4303900923715 /* Frameworks */ = {
			isa = PBXFrameworksBuildPhase;
			buildActionMask = 2147483647;
			files = (
				7CDF500228E43FC300923715 /* Sungorus in Frameworks */,
			);
			runOnlyForDeploymentPostprocessing = 0;
		};
/* End PBXFrameworksBuildPhase section */

/* Begin PBXGroup section */
		7CDF4FD828E4303900923715 = {
			isa = PBXGroup;
			children = (
				7CDF4FFE28E43FBB00923715 /* Packages */,
				7CDF4FE328E4303900923715 /* Sungorus-demo */,
				7CDF4FE228E4303900923715 /* Products */,
				7CDF500028E43FC300923715 /* Frameworks */,
			);
			sourceTree = "<group>";
		};
		7CDF4FE228E4303900923715 /* Products */ = {
			isa = PBXGroup;
			children = (
				7CDF4FE128E4303900923715 /* Sungorus-demo-ios.app */,
			);
			name = Products;
			sourceTree = "<group>";
		};
		7CDF4FE328E4303900923715 /* Sungorus-demo */ = {
			isa = PBXGroup;
			children = (
				7CDF4FF228E4303C00923715 /* Info.plist */,
				7CDF500528E440CF00923715 /* Controller.swift */,
				7CDF500828E44C3300923715 /* Extensions.swift */,
				7CDF4FF928E430E900923715 /* Application */,
				7CDF4FFB28E4313400923715 /* Main */,
				7CDF4FF828E430CE00923715 /* Resources */,
			);
			path = "Sungorus-demo";
			sourceTree = "<group>";
		};
		7CDF4FF828E430CE00923715 /* Resources */ = {
			isa = PBXGroup;
			children = (
				7CDF4FED28E4303C00923715 /* Assets.xcassets */,
				7CDF4FEF28E4303C00923715 /* LaunchScreen.storyboard */,
			);
			path = Resources;
			sourceTree = "<group>";
		};
		7CDF4FF928E430E900923715 /* Application */ = {
			isa = PBXGroup;
			children = (
				7CDF4FE428E4303900923715 /* AppDelegate.swift */,
				7CDF4FE628E4303900923715 /* SceneDelegate.swift */,
			);
			path = Application;
			sourceTree = "<group>";
		};
		7CDF4FFB28E4313400923715 /* Main */ = {
			isa = PBXGroup;
			children = (
				7CDF500328E4402500923715 /* DetailController.swift */,
				7CDF4FE828E4303900923715 /* HomeController.swift */,
				7CDF4FFC28E4375400923715 /* HomeDataAdapter.swift */,
				7CDF4FEA28E4303900923715 /* Main.storyboard */,
			);
			path = Main;
			sourceTree = "<group>";
		};
		7CDF4FFE28E43FBB00923715 /* Packages */ = {
			isa = PBXGroup;
			children = (
				7CDF4FFF28E43FBB00923715 /* Sungorus */,
			);
			name = Packages;
			sourceTree = "<group>";
		};
		7CDF500028E43FC300923715 /* Frameworks */ = {
			isa = PBXGroup;
			children = (
			);
			name = Frameworks;
			sourceTree = "<group>";
		};
/* End PBXGroup section */

/* Begin PBXNativeTarget section */
		7CDF4FE028E4303900923715 /* Sungorus-demo-ios */ = {
			isa = PBXNativeTarget;
			buildConfigurationList = 7CDF4FF528E4303C00923715 /* Build configuration list for PBXNativeTarget "Sungorus-demo-ios" */;
			buildPhases = (
				7CDF4FDD28E4303900923715 /* Sources */,
				7CDF4FDE28E4303900923715 /* Frameworks */,
				7CDF4FDF28E4303900923715 /* Resources */,
			);
			buildRules = (
			);
			dependencies = (
			);
			name = "Sungorus-demo-ios";
			packageProductDependencies = (
				7CDF500128E43FC300923715 /* Sungorus */,
			);
			productName = "Sungorus-demo";
			productReference = 7CDF4FE128E4303900923715 /* Sungorus-demo-ios.app */;
			productType = "com.apple.product-type.application";
		};
/* End PBXNativeTarget section */

/* Begin PBXProject section */
		7CDF4FD928E4303900923715 /* Project object */ = {
			isa = PBXProject;
			attributes = {
				BuildIndependentTargetsInParallel = 1;
				LastSwiftUpdateCheck = 1400;
				LastUpgradeCheck = 1400;
				TargetAttributes = {
					7CDF4FE028E4303900923715 = {
						CreatedOnToolsVersion = 14.0.1;
					};
				};
			};
			buildConfigurationList = 7CDF4FDC28E4303900923715 /* Build configuration list for PBXProject "Sungorus-demo" */;
			compatibilityVersion = "Xcode 13.0";
			developmentRegion = en;
			hasScannedForEncodings = 0;
			knownRegions = (
				en,
				Base,
			);
			mainGroup = 7CDF4FD828E4303900923715;
			productRefGroup = 7CDF4FE228E4303900923715 /* Products */;
			projectDirPath = "";
			projectRoot = "";
			targets = (
				7CDF4FE028E4303900923715 /* Sungorus-demo-ios */,
			);
		};
/* End PBXProject section */

/* Begin PBXResourcesBuildPhase section */
		7CDF4FDF28E4303900923715 /* Resources */ = {
			isa = PBXResourcesBuildPhase;
			buildActionMask = 2147483647;
			files = (
				7CDF4FF128E4303C00923715 /* LaunchScreen.storyboard in Resources */,
				7CDF4FEE28E4303C00923715 /* Assets.xcassets in Resources */,
				7CDF4FEC28E4303900923715 /* Main.storyboard in Resources */,
			);
			runOnlyForDeploymentPostprocessing = 0;
		};
/* End PBXResourcesBuildPhase section */

/* Begin PBXSourcesBuildPhase section */
		7CDF4FDD28E4303900923715 /* Sources */ = {
			isa = PBXSourcesBuildPhase;
			buildActionMask = 2147483647;
			files = (
				7CDF4FE928E4303900923715 /* HomeController.swift in Sources */,
				7CDF500428E4402500923715 /* DetailController.swift in Sources */,
				7CDF500628E440CF00923715 /* Controller.swift in Sources */,
				7CDF4FE528E4303900923715 /* AppDelegate.swift in Sources */,
				7CDF4FFD28E4375400923715 /* HomeDataAdapter.swift in Sources */,
				7CDF4FE728E4303900923715 /* SceneDelegate.swift in Sources */,
				7CDF500928E44C3300923715 /* Extensions.swift in Sources */,
			);
			runOnlyForDeploymentPostprocessing = 0;
		};
/* End PBXSourcesBuildPhase section */

/* Begin PBXVariantGroup section */
		7CDF4FEA28E4303900923715 /* Main.storyboard */ = {
			isa = PBXVariantGroup;
			children = (
				7CDF4FEB28E4303900923715 /* Base */,
			);
			name = Main.storyboard;
			sourceTree = "<group>";
		};
		7CDF4FEF28E4303C00923715 /* LaunchScreen.storyboard */ = {
			isa = PBXVariantGroup;
			children = (
				7CDF4FF028E4303C00923715 /* Base */,
			);
			name = LaunchScreen.storyboard;
			sourceTree = "<group>";
		};
/* End PBXVariantGroup section */

/* Begin XCBuildConfiguration section */
		7CDF4FF328E4303C00923715 /* Debug */ = {
			isa = XCBuildConfiguration;
			buildSettings = {
				ALWAYS_SEARCH_USER_PATHS = NO;
				CLANG_ANALYZER_NONNULL = YES;
				CLANG_ANALYZER_NUMBER_OBJECT_CONVERSION = YES_AGGRESSIVE;
				CLANG_CXX_LANGUAGE_STANDARD = "gnu++20";
				CLANG_ENABLE_MODULES = YES;
				CLANG_ENABLE_OBJC_ARC = YES;
				CLANG_ENABLE_OBJC_WEAK = YES;
				CLANG_WARN_BLOCK_CAPTURE_AUTORELEASING = YES;
				CLANG_WARN_BOOL_CONVERSION = YES;
				CLANG_WARN_COMMA = YES;
				CLANG_WARN_CONSTANT_CONVERSION = YES;
				CLANG_WARN_DEPRECATED_OBJC_IMPLEMENTATIONS = YES;
				CLANG_WARN_DIRECT_OBJC_ISA_USAGE = YES_ERROR;
				CLANG_WARN_DOCUMENTATION_COMMENTS = YES;
				CLANG_WARN_EMPTY_BODY = YES;
				CLANG_WARN_ENUM_CONVERSION = YES;
				CLANG_WARN_INFINITE_RECURSION = YES;
				CLANG_WARN_INT_CONVERSION = YES;
				CLANG_WARN_NON_LITERAL_NULL_CONVERSION = YES;
				CLANG_WARN_OBJC_IMPLICIT_RETAIN_SELF = YES;
				CLANG_WARN_OBJC_LITERAL_CONVERSION = YES;
				CLANG_WARN_OBJC_ROOT_CLASS = YES_ERROR;
				CLANG_WARN_QUOTED_INCLUDE_IN_FRAMEWORK_HEADER = YES;
				CLANG_WARN_RANGE_LOOP_ANALYSIS = YES;
				CLANG_WARN_STRICT_PROTOTYPES = YES;
				CLANG_WARN_SUSPICIOUS_MOVE = YES;
				CLANG_WARN_UNGUARDED_AVAILABILITY = YES_AGGRESSIVE;
				CLANG_WARN_UNREACHABLE_CODE = YES;
				CLANG_WARN__DUPLICATE_METHOD_MATCH = YES;
				COPY_PHASE_STRIP = NO;
				DEBUG_INFORMATION_FORMAT = dwarf;
				ENABLE_STRICT_OBJC_MSGSEND = YES;
				ENABLE_TESTABILITY = YES;
				GCC_C_LANGUAGE_STANDARD = gnu11;
				GCC_DYNAMIC_NO_PIC = NO;
				GCC_NO_COMMON_BLOCKS = YES;
				GCC_OPTIMIZATION_LEVEL = 0;
				GCC_PREPROCESSOR_DEFINITIONS = (
					"DEBUG=1",
					"$(inherited)",
				);
				GCC_WARN_64_TO_32_BIT_CONVERSION = YES;
				GCC_WARN_ABOUT_RETURN_TYPE = YES_ERROR;
				GCC_WARN_UNDECLARED_SELECTOR = YES;
				GCC_WARN_UNINITIALIZED_AUTOS = YES_AGGRESSIVE;
				GCC_WARN_UNUSED_FUNCTION = YES;
				GCC_WARN_UNUSED_VARIABLE = YES;
				IPHONEOS_DEPLOYMENT_TARGET = 16.0;
				MTL_ENABLE_DEBUG_INFO = INCLUDE_SOURCE;
				MTL_FAST_MATH = YES;
				ONLY_ACTIVE_ARCH = YES;
				SDKROOT = iphoneos;
				SWIFT_ACTIVE_COMPILATION_CONDITIONS = DEBUG;
				SWIFT_OPTIMIZATION_LEVEL = "-Onone";
			};
			name = Debug;
		};
		7CDF4FF428E4303C00923715 /* Release */ = {
			isa = XCBuildConfiguration;
			buildSettings = {
				ALWAYS_SEARCH_USER_PATHS = NO;
				CLANG_ANALYZER_NONNULL = YES;
				CLANG_ANALYZER_NUMBER_OBJECT_CONVERSION = YES_AGGRESSIVE;
				CLANG_CXX_LANGUAGE_STANDARD = "gnu++20";
				CLANG_ENABLE_MODULES = YES;
				CLANG_ENABLE_OBJC_ARC = YES;
				CLANG_ENABLE_OBJC_WEAK = YES;
				CLANG_WARN_BLOCK_CAPTURE_AUTORELEASING = YES;
				CLANG_WARN_BOOL_CONVERSION = YES;
				CLANG_WARN_COMMA = YES;
				CLANG_WARN_CONSTANT_CONVERSION = YES;
				CLANG_WARN_DEPRECATED_OBJC_IMPLEMENTATIONS = YES;
				CLANG_WARN_DIRECT_OBJC_ISA_USAGE = YES_ERROR;
				CLANG_WARN_DOCUMENTATION_COMMENTS = YES;
				CLANG_WARN_EMPTY_BODY = YES;
				CLANG_WARN_ENUM_CONVERSION = YES;
				CLANG_WARN_INFINITE_RECURSION = YES;
				CLANG_WARN_INT_CONVERSION = YES;
				CLANG_WARN_NON_LITERAL_NULL_CONVERSION = YES;
				CLANG_WARN_OBJC_IMPLICIT_RETAIN_SELF = YES;
				CLANG_WARN_OBJC_LITERAL_CONVERSION = YES;
				CLANG_WARN_OBJC_ROOT_CLASS = YES_ERROR;
				CLANG_WARN_QUOTED_INCLUDE_IN_FRAMEWORK_HEADER = YES;
				CLANG_WARN_RANGE_LOOP_ANALYSIS = YES;
				CLANG_WARN_STRICT_PROTOTYPES = YES;
				CLANG_WARN_SUSPICIOUS_MOVE = YES;
				CLANG_WARN_UNGUARDED_AVAILABILITY = YES_AGGRESSIVE;
				CLANG_WARN_UNREACHABLE_CODE = YES;
				CLANG_WARN__DUPLICATE_METHOD_MATCH = YES;
				COPY_PHASE_STRIP = NO;
				DEBUG_INFORMATION_FORMAT = "dwarf-with-dsym";
				ENABLE_NS_ASSERTIONS = NO;
				ENABLE_STRICT_OBJC_MSGSEND = YES;
				GCC_C_LANGUAGE_STANDARD = gnu11;
				GCC_NO_COMMON_BLOCKS = YES;
				GCC_WARN_64_TO_32_BIT_CONVERSION = YES;
				GCC_WARN_ABOUT_RETURN_TYPE = YES_ERROR;
				GCC_WARN_UNDECLARED_SELECTOR = YES;
				GCC_WARN_UNINITIALIZED_AUTOS = YES_AGGRESSIVE;
				GCC_WARN_UNUSED_FUNCTION = YES;
				GCC_WARN_UNUSED_VARIABLE = YES;
				IPHONEOS_DEPLOYMENT_TARGET = 16.0;
				MTL_ENABLE_DEBUG_INFO = NO;
				MTL_FAST_MATH = YES;
				SDKROOT = iphoneos;
				SWIFT_COMPILATION_MODE = wholemodule;
				SWIFT_OPTIMIZATION_LEVEL = "-O";
				VALIDATE_PRODUCT = YES;
			};
			name = Release;
		};
		7CDF4FF628E4303C00923715 /* Debug */ = {
			isa = XCBuildConfiguration;
			buildSettings = {
				ASSETCATALOG_COMPILER_APPICON_NAME = AppIcon;
				ASSETCATALOG_COMPILER_GLOBAL_ACCENT_COLOR_NAME = AccentColor;
				CODE_SIGN_STYLE = Automatic;
				CURRENT_PROJECT_VERSION = 1;
				DEVELOPMENT_TEAM = HW9KY3R5BK;
				GENERATE_INFOPLIST_FILE = YES;
				INFOPLIST_FILE = "Sungorus-demo/Info.plist";
				INFOPLIST_KEY_UIApplicationSupportsIndirectInputEvents = YES;
				INFOPLIST_KEY_UILaunchStoryboardName = LaunchScreen;
				INFOPLIST_KEY_UIMainStoryboardFile = Main;
				INFOPLIST_KEY_UISupportedInterfaceOrientations_iPad = "UIInterfaceOrientationPortrait UIInterfaceOrientationPortraitUpsideDown UIInterfaceOrientationLandscapeLeft UIInterfaceOrientationLandscapeRight";
				INFOPLIST_KEY_UISupportedInterfaceOrientations_iPhone = "UIInterfaceOrientationPortrait UIInterfaceOrientationLandscapeLeft UIInterfaceOrientationLandscapeRight";
				LD_RUNPATH_SEARCH_PATHS = (
					"$(inherited)",
					"@executable_path/Frameworks",
				);
				MARKETING_VERSION = 1.0;
				PRODUCT_BUNDLE_IDENTIFIER = "com.charleshs.Sungorus-demo";
				PRODUCT_NAME = "$(TARGET_NAME)";
				SWIFT_EMIT_LOC_STRINGS = YES;
				SWIFT_VERSION = 5.0;
				TARGETED_DEVICE_FAMILY = "1,2";
			};
			name = Debug;
		};
		7CDF4FF728E4303C00923715 /* Release */ = {
			isa = XCBuildConfiguration;
			buildSettings = {
				ASSETCATALOG_COMPILER_APPICON_NAME = AppIcon;
				ASSETCATALOG_COMPILER_GLOBAL_ACCENT_COLOR_NAME = AccentColor;
				CODE_SIGN_STYLE = Automatic;
				CURRENT_PROJECT_VERSION = 1;
				DEVELOPMENT_TEAM = HW9KY3R5BK;
				GENERATE_INFOPLIST_FILE = YES;
				INFOPLIST_FILE = "Sungorus-demo/Info.plist";
				INFOPLIST_KEY_UIApplicationSupportsIndirectInputEvents = YES;
				INFOPLIST_KEY_UILaunchStoryboardName = LaunchScreen;
				INFOPLIST_KEY_UIMainStoryboardFile = Main;
				INFOPLIST_KEY_UISupportedInterfaceOrientations_iPad = "UIInterfaceOrientationPortrait UIInterfaceOrientationPortraitUpsideDown UIInterfaceOrientationLandscapeLeft UIInterfaceOrientationLandscapeRight";
				INFOPLIST_KEY_UISupportedInterfaceOrientations_iPhone = "UIInterfaceOrientationPortrait UIInterfaceOrientationLandscapeLeft UIInterfaceOrientationLandscapeRight";
				LD_RUNPATH_SEARCH_PATHS = (
					"$(inherited)",
					"@executable_path/Frameworks",
				);
				MARKETING_VERSION = 1.0;
				PRODUCT_BUNDLE_IDENTIFIER = "com.charleshs.Sungorus-demo";
				PRODUCT_NAME = "$(TARGET_NAME)";
				SWIFT_EMIT_LOC_STRINGS = YES;
				SWIFT_VERSION = 5.0;
				TARGETED_DEVICE_FAMILY = "1,2";
			};
			name = Release;
		};
/* End XCBuildConfiguration section */

/* Begin XCConfigurationList section */
		7CDF4FDC28E4303900923715 /* Build configuration list for PBXProject "Sungorus-demo" */ = {
			isa = XCConfigurationList;
			buildConfigurations = (
				7CDF4FF328E4303C00923715 /* Debug */,
				7CDF4FF428E4303C00923715 /* Release */,
			);
			defaultConfigurationIsVisible = 0;
			defaultConfigurationName = Release;
		};
		7CDF4FF528E4303C00923715 /* Build configuration list for PBXNativeTarget "Sungorus-demo-ios" */ = {
			isa = XCConfigurationList;
			buildConfigurations = (
				7CDF4FF628E4303C00923715 /* Debug */,
				7CDF4FF728E4303C00923715 /* Release */,
			);
			defaultConfigurationIsVisible = 0;
			defaultConfigurationName = Release;
		};
/* End XCConfigurationList section */

/* Begin XCSwiftPackageProductDependency section */
		7CDF500128E43FC300923715 /* Sungorus */ = {
			isa = XCSwiftPackageProductDependency;
			productName = Sungorus;
		};
/* End XCSwiftPackageProductDependency section */
	};
	rootObject = 7CDF4FD928E4303900923715 /* Project object */;
}
